{
  "name": "keyscope",
  "version": "1.0.0",
  "lockfileVersion": 2,
  "requires": true,
  "packages": {
    "": {
      "name": "keyscope",
      "version": "1.0.0",
      "license": "ISC",
      "dependencies": {
        "@peculiar/x509": "^1.4.1",
        "js-base64": "^3.7.2",
        "js-yaml": "^4.1.0",
        "node-forge": "^0.10.0"
      }
    },
    "node_modules/@peculiar/asn1-cms": {
      "version": "2.0.38",
      "resolved": "https://registry.npmjs.org/@peculiar/asn1-cms/-/asn1-cms-2.0.38.tgz",
      "integrity": "sha512-9ZPki4qr2SIwD6y9d7Fgi4tnL51cCEqIltHvr7muIO78itM4VxovrbOOWEbNc2a+nJyac0ubVLil3+/xebo6jQ==",
      "dependencies": {
        "@peculiar/asn1-schema": "^2.0.38",
        "@peculiar/asn1-x509": "^2.0.38",
        "@peculiar/asn1-x509-attr": "^2.0.38",
        "asn1js": "^2.1.1",
        "tslib": "^2.3.0"
      }
    },
    "node_modules/@peculiar/asn1-csr": {
      "version": "2.0.38",
      "resolved": "https://registry.npmjs.org/@peculiar/asn1-csr/-/asn1-csr-2.0.38.tgz",
      "integrity": "sha512-0Yw0Qzbj61gWpXupkga4Ajv49RIwsgNwnfIh3smRVrz7dz1w+F3XpHisJczkX/kATIl7mgPP/8dPGXa7xNAONg==",
      "dependencies": {
        "@peculiar/asn1-schema": "^2.0.38",
        "@peculiar/asn1-x509": "^2.0.38",
        "asn1js": "^2.1.1",
        "tslib": "^2.3.0"
      }
    },
    "node_modules/@peculiar/asn1-ecc": {
      "version": "2.0.38",
      "resolved": "https://registry.npmjs.org/@peculiar/asn1-ecc/-/asn1-ecc-2.0.38.tgz",
      "integrity": "sha512-ooaxfw7mlzFjLbCF9GPnYzZXEpPijuqHPNRExoCQ6Kd1xikuLgC0ARUc1JSpKQU41tTS1o1y6QnqEgmOxCkAWQ==",
      "dependencies": {
        "@peculiar/asn1-schema": "^2.0.38",
        "@peculiar/asn1-x509": "^2.0.38",
        "asn1js": "^2.1.1",
        "tslib": "^2.3.0"
      }
    },
    "node_modules/@peculiar/asn1-pfx": {
      "version": "2.0.38",
      "resolved": "https://registry.npmjs.org/@peculiar/asn1-pfx/-/asn1-pfx-2.0.38.tgz",
      "integrity": "sha512-Q7+nk0LrAmIRZizXfdNKtmYKaQyiDVYHizkaXsFwzn1CbcfAKonVWLGdaSlbSpk7dNEY5v2iZ+giG3CkgnUlmw==",
      "dependencies": {
        "@peculiar/asn1-cms": "^2.0.38",
        "@peculiar/asn1-pkcs8": "^2.0.38",
        "@peculiar/asn1-rsa": "^2.0.38",
        "@peculiar/asn1-schema": "^2.0.38",
        "asn1js": "^2.1.1",
        "tslib": "^2.3.0"
      }
    },
    "node_modules/@peculiar/asn1-pkcs8": {
      "version": "2.0.38",
      "resolved": "https://registry.npmjs.org/@peculiar/asn1-pkcs8/-/asn1-pkcs8-2.0.38.tgz",
      "integrity": "sha512-FIlnwL/bLkGECPyMpD9HI95CdHTt7rSPjG3FSioiosF38thxE73oI/p3okUZsLUeZaAAjAoLHnakObx/CKPnwg==",
      "dependencies": {
        "@peculiar/asn1-schema": "^2.0.38",
        "@peculiar/asn1-x509": "^2.0.38",
        "asn1js": "^2.1.1",
        "tslib": "^2.3.0"
      }
    },
    "node_modules/@peculiar/asn1-pkcs9": {
      "version": "2.0.38",
      "resolved": "https://registry.npmjs.org/@peculiar/asn1-pkcs9/-/asn1-pkcs9-2.0.38.tgz",
      "integrity": "sha512-aX2ianKE6CK8kLYRNq+DLbZTDeYxcXrB+b7ukC+LA0TlRx8VS3/zekA5n4HizTmK4oineKzkYnmRzsjF3X15jg==",
      "dependencies": {
        "@peculiar/asn1-cms": "^2.0.38",
        "@peculiar/asn1-pfx": "^2.0.38",
        "@peculiar/asn1-pkcs8": "^2.0.38",
        "@peculiar/asn1-schema": "^2.0.38",
        "@peculiar/asn1-x509": "^2.0.38",
        "@peculiar/asn1-x509-attr": "^2.0.38",
        "asn1js": "^2.1.1",
        "tslib": "^2.3.0"
      }
    },
    "node_modules/@peculiar/asn1-rsa": {
      "version": "2.0.38",
      "resolved": "https://registry.npmjs.org/@peculiar/asn1-rsa/-/asn1-rsa-2.0.38.tgz",
      "integrity": "sha512-oH0Pw9ytOUJurvqBRAwpr1e87EfMUfySmeGSujWMUtdyYbuylmUZjVsUEZJEFfCV16uFwmuQ9P84jXFBTHiH7g==",
      "dependencies": {
        "@peculiar/asn1-schema": "^2.0.38",
        "@peculiar/asn1-x509": "^2.0.38",
        "asn1js": "^2.1.1",
        "tslib": "^2.3.0"
      }
    },
    "node_modules/@peculiar/asn1-schema": {
      "version": "2.0.38",
      "resolved": "https://registry.npmjs.org/@peculiar/asn1-schema/-/asn1-schema-2.0.38.tgz",
      "integrity": "sha512-zZ64UpCTm9me15nuCpPgJghSdbEm8atcDQPCyK+bKXjZAQ1735NCZXCSCfbckbQ4MH36Rm9403n/qMq77LFDzQ==",
      "dependencies": {
        "@types/asn1js": "^2.0.2",
        "asn1js": "^2.1.1",
        "pvtsutils": "^1.2.0",
        "tslib": "^2.3.0"
      }
    },
    "node_modules/@peculiar/asn1-x509": {
      "version": "2.0.38",
      "resolved": "https://registry.npmjs.org/@peculiar/asn1-x509/-/asn1-x509-2.0.38.tgz",
      "integrity": "sha512-10aK9fSxlc1DK9nEcwh+WPFNhAheXSE9RbI5MyS7FdBhgq+Mz4Z9JqFfaBZm1Qp+5mPtUMOP6cXVo7aaYlgq7A==",
      "dependencies": {
        "@peculiar/asn1-schema": "^2.0.38",
        "asn1js": "^2.1.1",
        "ipaddr.js": "^2.0.1",
        "pvtsutils": "^1.2.0",
        "tslib": "^2.3.0"
      }
    },
    "node_modules/@peculiar/asn1-x509-attr": {
      "version": "2.0.38",
      "resolved": "https://registry.npmjs.org/@peculiar/asn1-x509-attr/-/asn1-x509-attr-2.0.38.tgz",
      "integrity": "sha512-xjnQeijEZLPUN4/3uX/Fe41p/Lu6+Da8bU5erVn9M16Fi6GOiTiyra2eiYuzKpR3bUFbEOLHV3n+Xqn9NLiOIg==",
      "dependencies": {
        "@peculiar/asn1-schema": "^2.0.38",
        "@peculiar/asn1-x509": "^2.0.38",
        "asn1js": "^2.1.1",
        "tslib": "^2.3.0"
      }
    },
    "node_modules/@peculiar/x509": {
      "version": "1.4.1",
      "resolved": "https://registry.npmjs.org/@peculiar/x509/-/x509-1.4.1.tgz",
      "integrity": "sha512-Ou4zYvWWazukIPxXeOpTfA0u1Ma/CQkZzVrTepUhXRASPOqWHesVbthAO8O2rSVYsB7uTiN+KMTkM/IP4/EY4A==",
      "dependencies": {
        "@peculiar/asn1-cms": "^2.0.36",
        "@peculiar/asn1-csr": "^2.0.36",
        "@peculiar/asn1-ecc": "^2.0.36",
        "@peculiar/asn1-pkcs9": "^2.0.36",
        "@peculiar/asn1-rsa": "^2.0.36",
        "@peculiar/asn1-schema": "^2.0.36",
        "@peculiar/asn1-x509": "^2.0.36",
        "pvtsutils": "^1.1.7",
        "reflect-metadata": "^0.1.13",
        "tslib": "^2.2.0",
        "tsyringe": "^4.5.0"
      }
    },
    "node_modules/@types/asn1js": {
      "version": "2.0.2",
      "resolved": "https://registry.npmjs.org/@types/asn1js/-/asn1js-2.0.2.tgz",
      "integrity": "sha512-t4YHCgtD+ERvH0FyxvNlYwJ2ezhqw7t+Ygh4urQ7dJER8i185JPv6oIM3ey5YQmGN6Zp9EMbpohkjZi9t3UxwA=="
    },
    "node_modules/argparse": {
      "version": "2.0.1",
      "resolved": "https://registry.npmjs.org/argparse/-/argparse-2.0.1.tgz",
      "integrity": "sha512-8+9WqebbFzpX9OR+Wa6O29asIogeRMzcGtAINdpMHHyAg10f05aSFVBbcEqGf/PXw1EjAZ+q2/bEBg3DvurK3Q=="
    },
    "node_modules/asn1js": {
      "version": "2.1.1",
      "resolved": "https://registry.npmjs.org/asn1js/-/asn1js-2.1.1.tgz",
      "integrity": "sha512-t9u0dU0rJN4ML+uxgN6VM2Z4H5jWIYm0w8LsZLzMJaQsgL3IJNbxHgmbWDvJAwspyHpDFuzUaUFh4c05UB4+6g==",
      "dependencies": {
        "pvutils": "latest"
      },
      "engines": {
        "node": ">=6.0.0"
      }
    },
    "node_modules/ipaddr.js": {
      "version": "2.0.1",
      "resolved": "https://registry.npmjs.org/ipaddr.js/-/ipaddr.js-2.0.1.tgz",
      "integrity": "sha512-1qTgH9NG+IIJ4yfKs2e6Pp1bZg8wbDbKHT21HrLIeYBTRLgMYKnMTPAuI3Lcs61nfx5h1xlXnbJtH1kX5/d/ng==",
      "engines": {
        "node": ">= 10"
      }
    },
    "node_modules/js-base64": {
      "version": "3.7.2",
      "resolved": "https://registry.npmjs.org/js-base64/-/js-base64-3.7.2.tgz",
      "integrity": "sha512-NnRs6dsyqUXejqk/yv2aiXlAvOs56sLkX6nUdeaNezI5LFFLlsZjOThmwnrcwh5ZZRwZlCMnVAY3CvhIhoVEKQ=="
    },
    "node_modules/js-yaml": {
      "version": "4.1.0",
      "resolved": "https://registry.npmjs.org/js-yaml/-/js-yaml-4.1.0.tgz",
      "integrity": "sha512-wpxZs9NoxZaJESJGIZTyDEaYpl0FKSA+FB9aJiyemKhMwkxQg63h4T1KJgUGHpTqPDNRcmmYLugrRjJlBtWvRA==",
      "dependencies": {
        "argparse": "^2.0.1"
      },
      "bin": {
        "js-yaml": "bin/js-yaml.js"
      }
    },
    "node_modules/node-forge": {
      "version": "0.10.0",
      "resolved": "https://registry.npmjs.org/node-forge/-/node-forge-0.10.0.tgz",
      "integrity": "sha512-PPmu8eEeG9saEUvI97fm4OYxXVB6bFvyNTyiUOBichBpFG8A1Ljw3bY62+5oOjDEMHRnd0Y7HQ+x7uzxOzC6JA==",
      "engines": {
        "node": ">= 6.0.0"
      }
    },
    "node_modules/pvtsutils": {
      "version": "1.2.1",
      "resolved": "https://registry.npmjs.org/pvtsutils/-/pvtsutils-1.2.1.tgz",
      "integrity": "sha512-Q867jEr30lBR2YSFFLZ0/XsEvpweqH6Kj096wmlRAFXrdRGPCNq2iz9B5Tk085EZ+OBZyYAVA5UhPkjSHGrUzQ==",
      "dependencies": {
        "tslib": "^2.3.1"
      }
    },
    "node_modules/pvutils": {
      "version": "1.0.17",
      "resolved": "https://registry.npmjs.org/pvutils/-/pvutils-1.0.17.tgz",
      "integrity": "sha512-wLHYUQxWaXVQvKnwIDWFVKDJku9XDCvyhhxoq8dc5MFdIlRenyPI9eSfEtcvgHgD7FlvCyGAlWgOzRnZD99GZQ==",
      "engines": {
        "node": ">=6.0.0"
      }
    },
    "node_modules/reflect-metadata": {
      "version": "0.1.13",
      "resolved": "https://registry.npmjs.org/reflect-metadata/-/reflect-metadata-0.1.13.tgz",
      "integrity": "sha512-Ts1Y/anZELhSsjMcU605fU9RE4Oi3p5ORujwbIKXfWa+0Zxs510Qrmrce5/Jowq3cHSZSJqBjypxmHarc+vEWg=="
    },
    "node_modules/tslib": {
      "version": "2.3.1",
      "resolved": "https://registry.npmjs.org/tslib/-/tslib-2.3.1.tgz",
      "integrity": "sha512-77EbyPPpMz+FRFRuAFlWMtmgUWGe9UOG2Z25NqCwiIjRhOf5iKGuzSe5P2w1laq+FkRy4p+PCuVkJSGkzTEKVw=="
    },
    "node_modules/tsyringe": {
      "version": "4.6.0",
      "resolved": "https://registry.npmjs.org/tsyringe/-/tsyringe-4.6.0.tgz",
      "integrity": "sha512-BMQAZamSfEmIQzH8WJeRu1yZGQbPSDuI9g+yEiKZFIcO46GPZuMOC2d0b52cVBdw1d++06JnDSIIZvEnogMdAw==",
      "dependencies": {
        "tslib": "^1.9.3"
      },
      "engines": {
        "node": ">= 6.0.0"
      }
    },
    "node_modules/tsyringe/node_modules/tslib": {
      "version": "1.14.1",
      "resolved": "https://registry.npmjs.org/tslib/-/tslib-1.14.1.tgz",
      "integrity": "sha512-Xni35NKzjgMrwevysHTCArtLDpPvye8zV/0E4EyYn43P7/7qvQwPh9BGkHewbMulVntbigmcT7rdX3BNo9wRJg=="
    }
  },
  "dependencies": {
    "@peculiar/asn1-cms": {
      "version": "2.0.38",
      "resolved": "https://registry.npmjs.org/@peculiar/asn1-cms/-/asn1-cms-2.0.38.tgz",
      "integrity": "sha512-9ZPki4qr2SIwD6y9d7Fgi4tnL51cCEqIltHvr7muIO78itM4VxovrbOOWEbNc2a+nJyac0ubVLil3+/xebo6jQ==",
      "requires": {
        "@peculiar/asn1-schema": "^2.0.38",
        "@peculiar/asn1-x509": "^2.0.38",
        "@peculiar/asn1-x509-attr": "^2.0.38",
        "asn1js": "^2.1.1",
        "tslib": "^2.3.0"
      }
    },
    "@peculiar/asn1-csr": {
      "version": "2.0.38",
      "resolved": "https://registry.npmjs.org/@peculiar/asn1-csr/-/asn1-csr-2.0.38.tgz",
      "integrity": "sha512-0Yw0Qzbj61gWpXupkga4Ajv49RIwsgNwnfIh3smRVrz7dz1w+F3XpHisJczkX/kATIl7mgPP/8dPGXa7xNAONg==",
      "requires": {
        "@peculiar/asn1-schema": "^2.0.38",
        "@peculiar/asn1-x509": "^2.0.38",
        "asn1js": "^2.1.1",
        "tslib": "^2.3.0"
      }
    },
    "@peculiar/asn1-ecc": {
      "version": "2.0.38",
      "resolved": "https://registry.npmjs.org/@peculiar/asn1-ecc/-/asn1-ecc-2.0.38.tgz",
      "integrity": "sha512-ooaxfw7mlzFjLbCF9GPnYzZXEpPijuqHPNRExoCQ6Kd1xikuLgC0ARUc1JSpKQU41tTS1o1y6QnqEgmOxCkAWQ==",
      "requires": {
        "@peculiar/asn1-schema": "^2.0.38",
        "@peculiar/asn1-x509": "^2.0.38",
        "asn1js": "^2.1.1",
        "tslib": "^2.3.0"
      }
    },
    "@peculiar/asn1-pfx": {
      "version": "2.0.38",
      "resolved": "https://registry.npmjs.org/@peculiar/asn1-pfx/-/asn1-pfx-2.0.38.tgz",
      "integrity": "sha512-Q7+nk0LrAmIRZizXfdNKtmYKaQyiDVYHizkaXsFwzn1CbcfAKonVWLGdaSlbSpk7dNEY5v2iZ+giG3CkgnUlmw==",
      "requires": {
        "@peculiar/asn1-cms": "^2.0.38",
        "@peculiar/asn1-pkcs8": "^2.0.38",
        "@peculiar/asn1-rsa": "^2.0.38",
        "@peculiar/asn1-schema": "^2.0.38",
        "asn1js": "^2.1.1",
        "tslib": "^2.3.0"
      }
    },
    "@peculiar/asn1-pkcs8": {
      "version": "2.0.38",
      "resolved": "https://registry.npmjs.org/@peculiar/asn1-pkcs8/-/asn1-pkcs8-2.0.38.tgz",
      "integrity": "sha512-FIlnwL/bLkGECPyMpD9HI95CdHTt7rSPjG3FSioiosF38thxE73oI/p3okUZsLUeZaAAjAoLHnakObx/CKPnwg==",
      "requires": {
        "@peculiar/asn1-schema": "^2.0.38",
        "@peculiar/asn1-x509": "^2.0.38",
        "asn1js": "^2.1.1",
        "tslib": "^2.3.0"
      }
    },
    "@peculiar/asn1-pkcs9": {
      "version": "2.0.38",
      "resolved": "https://registry.npmjs.org/@peculiar/asn1-pkcs9/-/asn1-pkcs9-2.0.38.tgz",
      "integrity": "sha512-aX2ianKE6CK8kLYRNq+DLbZTDeYxcXrB+b7ukC+LA0TlRx8VS3/zekA5n4HizTmK4oineKzkYnmRzsjF3X15jg==",
      "requires": {
        "@peculiar/asn1-cms": "^2.0.38",
        "@peculiar/asn1-pfx": "^2.0.38",
        "@peculiar/asn1-pkcs8": "^2.0.38",
        "@peculiar/asn1-schema": "^2.0.38",
        "@peculiar/asn1-x509": "^2.0.38",
        "@peculiar/asn1-x509-attr": "^2.0.38",
        "asn1js": "^2.1.1",
        "tslib": "^2.3.0"
      }
    },
    "@peculiar/asn1-rsa": {
      "version": "2.0.38",
      "resolved": "https://registry.npmjs.org/@peculiar/asn1-rsa/-/asn1-rsa-2.0.38.tgz",
      "integrity": "sha512-oH0Pw9ytOUJurvqBRAwpr1e87EfMUfySmeGSujWMUtdyYbuylmUZjVsUEZJEFfCV16uFwmuQ9P84jXFBTHiH7g==",
      "requires": {
        "@peculiar/asn1-schema": "^2.0.38",
        "@peculiar/asn1-x509": "^2.0.38",
        "asn1js": "^2.1.1",
        "tslib": "^2.3.0"
      }
    },
    "@peculiar/asn1-schema": {
      "version": "2.0.38",
      "resolved": "https://registry.npmjs.org/@peculiar/asn1-schema/-/asn1-schema-2.0.38.tgz",
      "integrity": "sha512-zZ64UpCTm9me15nuCpPgJghSdbEm8atcDQPCyK+bKXjZAQ1735NCZXCSCfbckbQ4MH36Rm9403n/qMq77LFDzQ==",
      "requires": {
        "@types/asn1js": "^2.0.2",
        "asn1js": "^2.1.1",
        "pvtsutils": "^1.2.0",
        "tslib": "^2.3.0"
      }
    },
    "@peculiar/asn1-x509": {
      "version": "2.0.38",
      "resolved": "https://registry.npmjs.org/@peculiar/asn1-x509/-/asn1-x509-2.0.38.tgz",
      "integrity": "sha512-10aK9fSxlc1DK9nEcwh+WPFNhAheXSE9RbI5MyS7FdBhgq+Mz4Z9JqFfaBZm1Qp+5mPtUMOP6cXVo7aaYlgq7A==",
      "requires": {
        "@peculiar/asn1-schema": "^2.0.38",
        "asn1js": "^2.1.1",
        "ipaddr.js": "^2.0.1",
        "pvtsutils": "^1.2.0",
        "tslib": "^2.3.0"
      }
    },
    "@peculiar/asn1-x509-attr": {
      "version": "2.0.38",
      "resolved": "https://registry.npmjs.org/@peculiar/asn1-x509-attr/-/asn1-x509-attr-2.0.38.tgz",
      "integrity": "sha512-xjnQeijEZLPUN4/3uX/Fe41p/Lu6+Da8bU5erVn9M16Fi6GOiTiyra2eiYuzKpR3bUFbEOLHV3n+Xqn9NLiOIg==",
      "requires": {
        "@peculiar/asn1-schema": "^2.0.38",
        "@peculiar/asn1-x509": "^2.0.38",
        "asn1js": "^2.1.1",
        "tslib": "^2.3.0"
      }
    },
    "@peculiar/x509": {
      "version": "1.4.1",
      "resolved": "https://registry.npmjs.org/@peculiar/x509/-/x509-1.4.1.tgz",
      "integrity": "sha512-Ou4zYvWWazukIPxXeOpTfA0u1Ma/CQkZzVrTepUhXRASPOqWHesVbthAO8O2rSVYsB7uTiN+KMTkM/IP4/EY4A==",
      "requires": {
        "@peculiar/asn1-cms": "^2.0.36",
        "@peculiar/asn1-csr": "^2.0.36",
        "@peculiar/asn1-ecc": "^2.0.36",
        "@peculiar/asn1-pkcs9": "^2.0.36",
        "@peculiar/asn1-rsa": "^2.0.36",
        "@peculiar/asn1-schema": "^2.0.36",
        "@peculiar/asn1-x509": "^2.0.36",
        "pvtsutils": "^1.1.7",
        "reflect-metadata": "^0.1.13",
        "tslib": "^2.2.0",
        "tsyringe": "^4.5.0"
      }
    },
    "@types/asn1js": {
      "version": "2.0.2",
      "resolved": "https://registry.npmjs.org/@types/asn1js/-/asn1js-2.0.2.tgz",
      "integrity": "sha512-t4YHCgtD+ERvH0FyxvNlYwJ2ezhqw7t+Ygh4urQ7dJER8i185JPv6oIM3ey5YQmGN6Zp9EMbpohkjZi9t3UxwA=="
    },
    "argparse": {
      "version": "2.0.1",
      "resolved": "https://registry.npmjs.org/argparse/-/argparse-2.0.1.tgz",
      "integrity": "sha512-8+9WqebbFzpX9OR+Wa6O29asIogeRMzcGtAINdpMHHyAg10f05aSFVBbcEqGf/PXw1EjAZ+q2/bEBg3DvurK3Q=="
    },
    "asn1js": {
      "version": "2.1.1",
      "resolved": "https://registry.npmjs.org/asn1js/-/asn1js-2.1.1.tgz",
      "integrity": "sha512-t9u0dU0rJN4ML+uxgN6VM2Z4H5jWIYm0w8LsZLzMJaQsgL3IJNbxHgmbWDvJAwspyHpDFuzUaUFh4c05UB4+6g==",
      "requires": {
        "pvutils": "latest"
      }
    },
    "ipaddr.js": {
      "version": "2.0.1",
      "resolved": "https://registry.npmjs.org/ipaddr.js/-/ipaddr.js-2.0.1.tgz",
      "integrity": "sha512-1qTgH9NG+IIJ4yfKs2e6Pp1bZg8wbDbKHT21HrLIeYBTRLgMYKnMTPAuI3Lcs61nfx5h1xlXnbJtH1kX5/d/ng=="
    },
    "js-base64": {
      "version": "3.7.2",
      "resolved": "https://registry.npmjs.org/js-base64/-/js-base64-3.7.2.tgz",
      "integrity": "sha512-NnRs6dsyqUXejqk/yv2aiXlAvOs56sLkX6nUdeaNezI5LFFLlsZjOThmwnrcwh5ZZRwZlCMnVAY3CvhIhoVEKQ=="
    },
    "js-yaml": {
      "version": "4.1.0",
      "resolved": "https://registry.npmjs.org/js-yaml/-/js-yaml-4.1.0.tgz",
      "integrity": "sha512-wpxZs9NoxZaJESJGIZTyDEaYpl0FKSA+FB9aJiyemKhMwkxQg63h4T1KJgUGHpTqPDNRcmmYLugrRjJlBtWvRA==",
      "requires": {
        "argparse": "^2.0.1"
      }
    },
    "node-forge": {
      "version": "0.10.0",
      "resolved": "https://registry.npmjs.org/node-forge/-/node-forge-0.10.0.tgz",
      "integrity": "sha512-PPmu8eEeG9saEUvI97fm4OYxXVB6bFvyNTyiUOBichBpFG8A1Ljw3bY62+5oOjDEMHRnd0Y7HQ+x7uzxOzC6JA=="
    },
    "pvtsutils": {
      "version": "1.2.1",
      "resolved": "https://registry.npmjs.org/pvtsutils/-/pvtsutils-1.2.1.tgz",
      "integrity": "sha512-Q867jEr30lBR2YSFFLZ0/XsEvpweqH6Kj096wmlRAFXrdRGPCNq2iz9B5Tk085EZ+OBZyYAVA5UhPkjSHGrUzQ==",
      "requires": {
        "tslib": "^2.3.1"
      }
    },
    "pvutils": {
      "version": "1.0.17",
      "resolved": "https://registry.npmjs.org/pvutils/-/pvutils-1.0.17.tgz",
      "integrity": "sha512-wLHYUQxWaXVQvKnwIDWFVKDJku9XDCvyhhxoq8dc5MFdIlRenyPI9eSfEtcvgHgD7FlvCyGAlWgOzRnZD99GZQ=="
    },
    "reflect-metadata": {
      "version": "0.1.13",
      "resolved": "https://registry.npmjs.org/reflect-metadata/-/reflect-metadata-0.1.13.tgz",
      "integrity": "sha512-Ts1Y/anZELhSsjMcU605fU9RE4Oi3p5ORujwbIKXfWa+0Zxs510Qrmrce5/Jowq3cHSZSJqBjypxmHarc+vEWg=="
    },
    "tslib": {
      "version": "2.3.1",
      "resolved": "https://registry.npmjs.org/tslib/-/tslib-2.3.1.tgz",
      "integrity": "sha512-77EbyPPpMz+FRFRuAFlWMtmgUWGe9UOG2Z25NqCwiIjRhOf5iKGuzSe5P2w1laq+FkRy4p+PCuVkJSGkzTEKVw=="
    },
    "tsyringe": {
      "version": "4.6.0",
      "resolved": "https://registry.npmjs.org/tsyringe/-/tsyringe-4.6.0.tgz",
      "integrity": "sha512-BMQAZamSfEmIQzH8WJeRu1yZGQbPSDuI9g+yEiKZFIcO46GPZuMOC2d0b52cVBdw1d++06JnDSIIZvEnogMdAw==",
      "requires": {
        "tslib": "^1.9.3"
      },
      "dependencies": {
        "tslib": {
          "version": "1.14.1",
          "resolved": "https://registry.npmjs.org/tslib/-/tslib-1.14.1.tgz",
          "integrity": "sha512-Xni35NKzjgMrwevysHTCArtLDpPvye8zV/0E4EyYn43P7/7qvQwPh9BGkHewbMulVntbigmcT7rdX3BNo9wRJg=="
        }
      }
    }
  }
}
